github.com/adibfahimi/muick v0.0.0-20240311153615-9ea2a23ffd70 h1:LZLCEN9SUCgiOZddnT5F/EYxGCaeZy0zgRpNuNrrMwg=
github.com/adibfahimi/muick v0.0.0-20240311153615-9ea2a23ffd70/go.mod h1:sH0DBHzgmXp3c5iXYgslQotJuY8X9yb2mlyL4TxXEVI=
github.com/adibfahimi/muick v0.1.0 h1:ivjItTOABJ8tKz7v4asyHhq+UNYPqKSiI0cBx2ItR6M=
github.com/adibfahimi/muick v0.1.0/go.mod h1:sH0DBHzgmXp3c5iXYgslQotJuY8X9yb2mlyL4TxXEVI=
